# THIS IS AN AUTOGENERATED FILE. DO NOT EDIT THIS FILE DIRECTLY.
# yarn lockfile v1


"@babel/code-frame@^7.29.7":
  version "7.29.7"
  dependencies:
    "@babel/helper-validator-identifier" "^7.29.7"
    js-tokens "^4.0.0"
    picocolors "^1.1.1"

"@babel/compat-data@^7.29.7":
  version "7.29.7"

"@babel/core@^7.0.0", "@babel/core@^7.0.0-0", "@babel/core@^7.28.0":
  version "7.29.7"
  dependencies:
    "@babel/code-frame" "^7.29.7"
    "@babel/generator" "^7.29.7"
    "@babel/helper-compilation-targets" "^7.29.7"
    "@babel/helper-module-transforms" "^7.29.7"
    "@babel/helpers" "^7.29.7"
    "@babel/parser" "^7.29.7"
    "@babel/template" "^7.29.7"
    "@babel/traverse" "^7.29.7"
    "@babel/types" "^7.29.7"
    "@jridgewell/remapping" "^2.3.5"
    convert-source-map "^2.0.0"
    debug "^4.1.0"
    gensync "^1.0.0-beta.2"
    json5 "^2.2.3"
    semver "^6.3.1"

"@babel/generator@^7.29.7":
  version "7.29.7"
  dependencies:
    "@babel/parser" "^7.29.7"
    "@babel/types" "^7.29.7"
    "@jridgewell/gen-mapping" "^0.3.12"
    "@jridgewell/trace-mapping" "^0.3.28"
    jsesc "^3.0.2"

"@babel/helper-compilation-targets@^7.29.7":
  version "7.29.7"
  dependencies:
    "@babel/compat-data" "^7.29.7"
    "@babel/helper-validator-option" "^7.29.7"
    browserslist "^4.24.0"
    lru-cache "^5.1.1"
    semver "^6.3.1"

"@babel/helper-globals@^7.29.7":
  version "7.29.7"

"@babel/helper-module-imports@^7.29.7":
  version "7.29.7"
  dependencies:
    "@babel/traverse" "^7.29.7"
    "@babel/types" "^7.29.7"

"@babel/helper-module-transforms@^7.29.7":
  version "7.29.7"
  dependencies:
    "@babel/helper-module-imports" "^7.29.7"
    "@babel/helper-validator-identifier" "^7.29.7"
    "@babel/traverse" "^7.29.7"

"@babel/helper-plugin-utils@^7.29.7":
  version "7.29.7"

"@babel/helper-string-parser@^7.29.7":
  version "7.29.7"

"@babel/helper-validator-identifier@^7.29.7":
  version "7.29.7"

"@babel/helper-validator-option@^7.29.7":
  version "7.29.7"

"@babel/helpers@^7.29.7":
  version "7.29.7"
  dependencies:
    "@babel/template" "^7.29.7"
    "@babel/types" "^7.29.7"

"@babel/parser@^7.1.0", "@babel/parser@^7.20.7", "@babel/parser@^7.29.7":
  version "7.29.7"
  dependencies:
    "@babel/types" "^7.29.7"

"@babel/plugin-transform-react-jsx-self@^7.27.1":
  version "7.29.7"
  dependencies:
    "@babel/helper-plugin-utils" "^7.29.7"

"@babel/plugin-transform-react-jsx-source@^7.27.1":
  version "7.29.7"
  dependencies:
    "@babel/helper-plugin-utils" "^7.29.7"

"@babel/template@^7.29.7":
  version "7.29.7"
  dependencies:
    "@babel/code-frame" "^7.29.7"
    "@babel/parser" "^7.29.7"
    "@babel/types" "^7.29.7"

"@babel/traverse@^7.29.7":
  version "7.29.7"
  dependencies:
    "@babel/code-frame" "^7.29.7"
    "@babel/generator" "^7.29.7"
    "@babel/helper-globals" "^7.29.7"
    "@babel/parser" "^7.29.7"
    "@babel/template" "^7.29.7"
    "@babel/types" "^7.29.7"
    debug "^4.3.1"

"@babel/types@^7.0.0", "@babel/types@^7.20.7", "@babel/types@^7.28.2", "@babel/types@^7.29.7":
  version "7.29.7"
  dependencies:
    "@babel/helper-string-parser" "^7.29.7"
    "@babel/helper-validator-identifier" "^7.29.7"

"@esbuild/darwin-arm64@0.25.12":
  version "0.25.12"

"@joker/design-system@file:../DesignSystemGames/joker-design-system-0.1.43.tgz":
  version "0.1.43"
  resolved "file:../DesignSystemGames/joker-design-system-0.1.43.tgz"
  integrity sha512-S1xy0aId8Sba1Hyh5VrXr5VK+SevH6nUgWnf/Clcve57sBgYK4J4jHJioalstjG0nlJbPV9PhB6Ae+jAXMU3NA==

"@jridgewell/gen-mapping@^0.3.12", "@jridgewell/gen-mapping@^0.3.5":
  version "0.3.13"
  dependencies:
    "@jridgewell/sourcemap-codec" "^1.5.0"
    "@jridgewell/trace-mapping" "^0.3.24"

"@jridgewell/remapping@^2.3.5":
  version "2.3.5"
  dependencies:
    "@jridgewell/gen-mapping" "^0.3.5"
    "@jridgewell/trace-mapping" "^0.3.24"

"@jridgewell/resolve-uri@^3.1.0":
  version "3.1.2"

"@jridgewell/sourcemap-codec@^1.4.14", "@jridgewell/sourcemap-codec@^1.5.0":
  version "1.5.5"

"@jridgewell/trace-mapping@^0.3.24", "@jridgewell/trace-mapping@^0.3.28":
  version "0.3.31"
  dependencies:
    "@jridgewell/resolve-uri" "^3.1.0"
    "@jridgewell/sourcemap-codec" "^1.4.14"

"@rolldown/pluginutils@1.0.0-beta.27":
  version "1.0.0-beta.27"

"@rollup/rollup-darwin-arm64@4.62.2":
  version "4.62.2"

"@types/babel__core@^7.20.5":
  version "7.20.5"
  dependencies:
    "@babel/parser" "^7.20.7"
    "@babel/types" "^7.20.7"
    "@types/babel__generator" "*"
    "@types/babel__template" "*"
    "@types/babel__traverse" "*"

"@types/babel__generator@*":
  version "7.27.0"
  dependencies:
    "@babel/types" "^7.0.0"

"@types/babel__template@*":
  version "7.4.4"
  dependencies:
    "@babel/parser" "^7.1.0"
    "@babel/types" "^7.0.0"

"@types/babel__traverse@*":
  version "7.28.0"
  dependencies:
    "@babel/types" "^7.28.2"

"@types/estree@1.0.9":
  version "1.0.9"

"@vitejs/plugin-react@^4.3.4":
  version "4.7.0"
  dependencies:
    "@babel/core" "^7.28.0"
    "@babel/plugin-transform-react-jsx-self" "^7.27.1"
    "@babel/plugin-transform-react-jsx-source" "^7.27.1"
    "@rolldown/pluginutils" "1.0.0-beta.27"
    "@types/babel__core" "^7.20.5"
    react-refresh "^0.17.0"

baseline-browser-mapping@^2.10.38:
  version "2.10.38"

browserslist@^4.24.0, "browserslist@>= 4.21.0":
  version "4.28.4"
  dependencies:
    baseline-browser-mapping "^2.10.38"
    caniuse-lite "^1.0.30001799"
    electron-to-chromium "^1.5.376"
    node-releases "^2.0.48"
    update-browserslist-db "^1.2.3"

caniuse-lite@^1.0.30001799:
  version "1.0.30001799"

convert-source-map@^2.0.0:
  version "2.0.0"

debug@^4.1.0, debug@^4.3.1:
  version "4.4.3"
  dependencies:
    ms "^2.1.3"

electron-to-chromium@^1.5.376:
  version "1.5.378"

esbuild@^0.25.0:
  version "0.25.12"
  optionalDependencies:
    "@esbuild/aix-ppc64" "0.25.12"
    "@esbuild/android-arm" "0.25.12"
    "@esbuild/android-arm64" "0.25.12"
    "@esbuild/android-x64" "0.25.12"
    "@esbuild/darwin-arm64" "0.25.12"
    "@esbuild/darwin-x64" "0.25.12"
    "@esbuild/freebsd-arm64" "0.25.12"
    "@esbuild/freebsd-x64" "0.25.12"
    "@esbuild/linux-arm" "0.25.12"
    "@esbuild/linux-arm64" "0.25.12"
    "@esbuild/linux-ia32" "0.25.12"
    "@esbuild/linux-loong64" "0.25.12"
    "@esbuild/linux-mips64el" "0.25.12"
    "@esbuild/linux-ppc64" "0.25.12"
    "@esbuild/linux-riscv64" "0.25.12"
    "@esbuild/linux-s390x" "0.25.12"
    "@esbuild/linux-x64" "0.25.12"
    "@esbuild/netbsd-arm64" "0.25.12"
    "@esbuild/netbsd-x64" "0.25.12"
    "@esbuild/openbsd-arm64" "0.25.12"
    "@esbuild/openbsd-x64" "0.25.12"
    "@esbuild/openharmony-arm64" "0.25.12"
    "@esbuild/sunos-x64" "0.25.12"
    "@esbuild/win32-arm64" "0.25.12"
    "@esbuild/win32-ia32" "0.25.12"
    "@esbuild/win32-x64" "0.25.12"

escalade@^3.2.0:
  version "3.2.0"

fdir@^6.4.4, fdir@^6.5.0:
  version "6.5.0"

fsevents@~2.3.2, fsevents@~2.3.3:
  version "2.3.3"

gensync@^1.0.0-beta.2:
  version "1.0.0-beta.2"

"js-tokens@^3.0.0 || ^4.0.0", js-tokens@^4.0.0:
  version "4.0.0"

jsesc@^3.0.2:
  version "3.1.0"

json5@^2.2.3:
  version "2.2.3"

loose-envify@^1.1.0:
  version "1.4.0"
  dependencies:
    js-tokens "^3.0.0 || ^4.0.0"

lru-cache@^5.1.1:
  version "5.1.1"
  dependencies:
    yallist "^3.0.2"

lucide-react@^0.468.0:
  version "0.468.0"

ms@^2.1.3:
  version "2.1.3"

nanoid@^3.3.12:
  version "3.3.15"

node-releases@^2.0.48:
  version "2.0.49"

picocolors@^1.1.1:
  version "1.1.1"

"picomatch@^3 || ^4", picomatch@^4.0.2, picomatch@^4.0.4:
  version "4.0.4"

postcss@^8.5.3:
  version "8.5.15"
  dependencies:
    nanoid "^3.3.12"
    picocolors "^1.1.1"
    source-map-js "^1.2.1"

react-dom@^18.3.1:
  version "18.3.1"
  dependencies:
    loose-envify "^1.1.0"
    scheduler "^0.23.2"

react-refresh@^0.17.0:
  version "0.17.0"

"react@^16.5.1 || ^17.0.0 || ^18.0.0 || ^19.0.0-rc", react@^18.3.1, react@>=18:
  version "18.3.1"
  dependencies:
    loose-envify "^1.1.0"

rollup@^4.34.9:
  version "4.62.2"
  dependencies:
    "@types/estree" "1.0.9"
  optionalDependencies:
    "@rollup/rollup-android-arm-eabi" "4.62.2"
    "@rollup/rollup-android-arm64" "4.62.2"
    "@rollup/rollup-darwin-arm64" "4.62.2"
    "@rollup/rollup-darwin-x64" "4.62.2"
    "@rollup/rollup-freebsd-arm64" "4.62.2"
    "@rollup/rollup-freebsd-x64" "4.62.2"
    "@rollup/rollup-linux-arm-gnueabihf" "4.62.2"
    "@rollup/rollup-linux-arm-musleabihf" "4.62.2"
    "@rollup/rollup-linux-arm64-gnu" "4.62.2"
    "@rollup/rollup-linux-arm64-musl" "4.62.2"
    "@rollup/rollup-linux-loong64-gnu" "4.62.2"
    "@rollup/rollup-linux-loong64-musl" "4.62.2"
    "@rollup/rollup-linux-ppc64-gnu" "4.62.2"
    "@rollup/rollup-linux-ppc64-musl" "4.62.2"
    "@rollup/rollup-linux-riscv64-gnu" "4.62.2"
    "@rollup/rollup-linux-riscv64-musl" "4.62.2"
    "@rollup/rollup-linux-s390x-gnu" "4.62.2"
    "@rollup/rollup-linux-x64-gnu" "4.62.2"
    "@rollup/rollup-linux-x64-musl" "4.62.2"
    "@rollup/rollup-openbsd-x64" "4.62.2"
    "@rollup/rollup-openharmony-arm64" "4.62.2"
    "@rollup/rollup-win32-arm64-msvc" "4.62.2"
    "@rollup/rollup-win32-ia32-msvc" "4.62.2"
    "@rollup/rollup-win32-x64-gnu" "4.62.2"
    "@rollup/rollup-win32-x64-msvc" "4.62.2"
    fsevents "~2.3.2"

scheduler@^0.23.2:
  version "0.23.2"
  dependencies:
    loose-envify "^1.1.0"

semver@^6.3.1:
  version "6.3.1"

source-map-js@^1.2.1:
  version "1.2.1"

tinyglobby@^0.2.13:
  version "0.2.17"
  dependencies:
    fdir "^6.5.0"
    picomatch "^4.0.4"

typescript@^5.7.2:
  version "5.9.3"

update-browserslist-db@^1.2.3:
  version "1.2.3"
  dependencies:
    escalade "^3.2.0"
    picocolors "^1.1.1"

"vite@^4.2.0 || ^5.0.0 || ^6.0.0 || ^7.0.0", vite@^6.0.7:
  version "6.4.3"
  dependencies:
    esbuild "^0.25.0"
    fdir "^6.4.4"
    picomatch "^4.0.2"
    postcss "^8.5.3"
    rollup "^4.34.9"
    tinyglobby "^0.2.13"
  optionalDependencies:
    fsevents "~2.3.3"

yallist@^3.0.2:
  version "3.1.1"
